
Microsoft Visual Studio Solution File, Format Version 12.00
# Visual Studio 15
VisualStudioVersion = 15.0.27004.2006
MinimumVisualStudioVersion = 10.0.40219.1
Project("{FAE04EC0-301F-11D3-BF4B-00C04F79EFBC}") = "Exercice 1", "Exercice 1\Exercice 1.csproj", "{0D7BAC2F-BCED-4C02-8DA9-141C2A351FDC}"
EndProject
Project("{FAE04EC0-301F-11D3-BF4B-00C04F79EFBC}") = "Exercice 2", "Exercice 2\Exercice 2.csproj", "{25A67902-F832-425F-BB08-593B103636EF}"
EndProject
Global
	GlobalSection(SolutionConfigurationPlatforms) = preSolution
		Debug|Any CPU = Debug|Any CPU
		Release|Any CPU = Release|Any CPU
	EndGlobalSection
	GlobalSection(ProjectConfigurationPlatforms) = postSolution
		{0D7BAC2F-BCED-4C02-8DA9-141C2A351FDC}.Debug|Any CPU.ActiveCfg = Debug|Any CPU
		{0D7BAC2F-BCED-4C02-8DA9-141C2A351FDC}.Debug|Any CPU.Build.0 = Debug|Any CPU
		{0D7BAC2F-BCED-4C02-8DA9-141C2A351FDC}.Release|Any CPU.ActiveCfg = Release|Any CPU
		{0D7BAC2F-BCED-4C02-8DA9-141C2A351FDC}.Release|Any CPU.Build.0 = Release|Any CPU
		{25A67902-F832-425F-BB08-593B103636EF}.Debug|Any CPU.ActiveCfg = Debug|Any CPU
		{25A67902-F832-425F-BB08-593B103636EF}.Debug|Any CPU.Build.0 = Debug|Any CPU
		{25A67902-F832-425F-BB08-593B103636EF}.Release|Any CPU.ActiveCfg = Release|Any CPU
		{25A67902-F832-425F-BB08-593B103636EF}.Release|Any CPU.Build.0 = Release|Any CPU
	EndGlobalSection
	GlobalSection(SolutionProperties) = preSolution
		HideSolutionNode = FALSE
	EndGlobalSection
	GlobalSection(ExtensibilityGlobals) = postSolution
		SolutionGuid = {FEAAA668-A9A8-45F6-A168-C100DF79AB09}
	EndGlobalSection
EndGlobal
